
Microsoft Visual Studio Solution File, Format Version 12.00
# Visual Studio Version 17
VisualStudioVersion = 17.0.32126.317
MinimumVisualStudioVersion = 10.0.40219.1
Project("{FAE04EC0-301F-11D3-BF4B-00C04F79EFBC}") = "KPZ_Lab10", "KPZ_Lab10\KPZ_Lab10.csproj", "{9DDF2B14-970C-4265-88C4-750D448DA5AF}"
EndProject
Global
	GlobalSection(SolutionConfigurationPlatforms) = preSolution
		Debug|Any CPU = Debug|Any CPU
		Release|Any CPU = Release|Any CPU
	EndGlobalSection
	GlobalSection(ProjectConfigurationPlatforms) = postSolution
		{9DDF2B14-970C-4265-88C4-750D448DA5AF}.Debug|Any CPU.ActiveCfg = Debug|Any CPU
		{9DDF2B14-970C-4265-88C4-750D448DA5AF}.Debug|Any CPU.Build.0 = Debug|Any CPU
		{9DDF2B14-970C-4265-88C4-750D448DA5AF}.Release|Any CPU.ActiveCfg = Release|Any CPU
		{9DDF2B14-970C-4265-88C4-750D448DA5AF}.Release|Any CPU.Build.0 = Release|Any CPU
	EndGlobalSection
	GlobalSection(SolutionProperties) = preSolution
		HideSolutionNode = FALSE
	EndGlobalSection
	GlobalSection(ExtensibilityGlobals) = postSolution
		SolutionGuid = {AF436C2F-E7EE-497F-ACD5-BE5F4AB55B44}
	EndGlobalSection
EndGlobal
